
Microsoft Visual Studio Solution File, Format Version 12.00
# Visual Studio Version 17
VisualStudioVersion = 17.1.32414.318
MinimumVisualStudioVersion = 10.0.40219.1
Project("{9A19103F-16F7-4668-BE54-9A1E7A4F7556}") = "ArvatoApp", "ArvatoApp.csproj", "{A9853819-AAB5-42AE-9C20-AFDD854DE7F1}"
EndProject
Project("{FAE04EC0-301F-11D3-BF4B-00C04F79EFBC}") = "ArvatoAppTest", "..\ArvatoAppTest\ArvatoAppTest.csproj", "{9885CA35-D773-4E1F-8CB2-9269336073FB}"
EndProject
Global
	GlobalSection(SolutionConfigurationPlatforms) = preSolution
		Debug|Any CPU = Debug|Any CPU
		Release|Any CPU = Release|Any CPU
	EndGlobalSection
	GlobalSection(ProjectConfigurationPlatforms) = postSolution
		{A9853819-AAB5-42AE-9C20-AFDD854DE7F1}.Debug|Any CPU.ActiveCfg = Debug|Any CPU
		{A9853819-AAB5-42AE-9C20-AFDD854DE7F1}.Debug|Any CPU.Build.0 = Debug|Any CPU
		{A9853819-AAB5-42AE-9C20-AFDD854DE7F1}.Release|Any CPU.ActiveCfg = Release|Any CPU
		{A9853819-AAB5-42AE-9C20-AFDD854DE7F1}.Release|Any CPU.Build.0 = Release|Any CPU
		{9885CA35-D773-4E1F-8CB2-9269336073FB}.Debug|Any CPU.ActiveCfg = Debug|Any CPU
		{9885CA35-D773-4E1F-8CB2-9269336073FB}.Debug|Any CPU.Build.0 = Debug|Any CPU
		{9885CA35-D773-4E1F-8CB2-9269336073FB}.Release|Any CPU.ActiveCfg = Release|Any CPU
		{9885CA35-D773-4E1F-8CB2-9269336073FB}.Release|Any CPU.Build.0 = Release|Any CPU
	EndGlobalSection
	GlobalSection(SolutionProperties) = preSolution
		HideSolutionNode = FALSE
	EndGlobalSection
	GlobalSection(ExtensibilityGlobals) = postSolution
		SolutionGuid = {7838ED51-0458-44CE-839A-6D28AD2D1925}
	EndGlobalSection
EndGlobal
